{
  "name": "phoenixproject-website",
  "version": "1.0.0",
  "description": "PhoenixProject static website",
  "main": "chatbot.js",
  "scripts": {
    "build": "echo \"No build step defined\"",
    "test": "echo \"No tests defined\""
  },
  "keywords": [],
  "author": "",
  "license": "ISC",
  "dependencies": {}
}